// !$*UTF8*$!
{
	archiveVersion = 1;
	classes = {
	};
	objectVersion = 56;
	objects = {

/* Begin PBXBuildFile section */
		B592FA032B8CAF6500134600 /* MoonShotApp.swift in Sources */ = {isa = PBXBuildFile; fileRef = B592FA022B8CAF6500134600 /* MoonShotApp.swift */; };
		B592FA052B8CAF6500134600 /* ContentView.swift in Sources */ = {isa = PBXBuildFile; fileRef = B592FA042B8CAF6500134600 /* ContentView.swift */; };
		B592FA072B8CAF6600134600 /* Assets.xcassets in Resources */ = {isa = PBXBuildFile; fileRef = B592FA062B8CAF6600134600 /* Assets.xcassets */; };
		B592FA0A2B8CAF6600134600 /* Preview Assets.xcassets in Resources */ = {isa = PBXBuildFile; fileRef = B592FA092B8CAF6600134600 /* Preview Assets.xcassets */; };
		B592FAB02B91D42400134600 /* ListLayoutView.swift in Sources */ = {isa = PBXBuildFile; fileRef = B592FAA42B91D42400134600 /* ListLayoutView.swift */; };
		B592FAB12B91D42400134600 /* GridLayoutView.swift in Sources */ = {isa = PBXBuildFile; fileRef = B592FAA52B91D42400134600 /* GridLayoutView.swift */; };
		B592FAB22B91D42400134600 /* astronauts.json in Resources */ = {isa = PBXBuildFile; fileRef = B592FAA62B91D42400134600 /* astronauts.json */; };
		B592FAB32B91D42400134600 /* MissionView.swift in Sources */ = {isa = PBXBuildFile; fileRef = B592FAA72B91D42400134600 /* MissionView.swift */; };
		B592FAB42B91D42400134600 /* Color-Theme.swift in Sources */ = {isa = PBXBuildFile; fileRef = B592FAA82B91D42400134600 /* Color-Theme.swift */; };
		B592FAB52B91D42400134600 /* AstronautView.swift in Sources */ = {isa = PBXBuildFile; fileRef = B592FAA92B91D42400134600 /* AstronautView.swift */; };
		B592FAB62B91D42400134600 /* CrewRoster.swift in Sources */ = {isa = PBXBuildFile; fileRef = B592FAAA2B91D42400134600 /* CrewRoster.swift */; };
		B592FAB72B91D42400134600 /* CustomDivider.swift in Sources */ = {isa = PBXBuildFile; fileRef = B592FAAB2B91D42400134600 /* CustomDivider.swift */; };
		B592FAB82B91D42400134600 /* Mission.swift in Sources */ = {isa = PBXBuildFile; fileRef = B592FAAC2B91D42400134600 /* Mission.swift */; };
		B592FAB92B91D42400134600 /* Astronaut.swift in Sources */ = {isa = PBXBuildFile; fileRef = B592FAAD2B91D42400134600 /* Astronaut.swift */; };
		B592FABA2B91D42400134600 /* missions.json in Resources */ = {isa = PBXBuildFile; fileRef = B592FAAE2B91D42400134600 /* missions.json */; };
		B592FABB2B91D42400134600 /* Bundle-Decodable.swift in Sources */ = {isa = PBXBuildFile; fileRef = B592FAAF2B91D42400134600 /* Bundle-Decodable.swift */; };
/* End PBXBuildFile section */

/* Begin PBXFileReference section */
		B592F9FF2B8CAF6500134600 /* MoonShot.app */ = {isa = PBXFileReference; explicitFileType = wrapper.application; includeInIndex = 0; path = MoonShot.app; sourceTree = BUILT_PRODUCTS_DIR; };
		B592FA022B8CAF6500134600 /* MoonShotApp.swift */ = {isa = PBXFileReference; lastKnownFileType = sourcecode.swift; path = MoonShotApp.swift; sourceTree = "<group>"; };
		B592FA042B8CAF6500134600 /* ContentView.swift */ = {isa = PBXFileReference; lastKnownFileType = sourcecode.swift; path = ContentView.swift; sourceTree = "<group>"; };
		B592FA062B8CAF6600134600 /* Assets.xcassets */ = {isa = PBXFileReference; lastKnownFileType = folder.assetcatalog; path = Assets.xcassets; sourceTree = "<group>"; };
		B592FA092B8CAF6600134600 /* Preview Assets.xcassets */ = {isa = PBXFileReference; lastKnownFileType = folder.assetcatalog; path = "Preview Assets.xcassets"; sourceTree = "<group>"; };
		B592FAA42B91D42400134600 /* ListLayoutView.swift */ = {isa = PBXFileReference; fileEncoding = 4; lastKnownFileType = sourcecode.swift; name = ListLayoutView.swift; path = "../../../11-Project9/challenge3/Project9_challenge3/Project9_challenge3/ListLayoutView.swift"; sourceTree = "<group>"; };
		B592FAA52B91D42400134600 /* GridLayoutView.swift */ = {isa = PBXFileReference; fileEncoding = 4; lastKnownFileType = sourcecode.swift; name = GridLayoutView.swift; path = "../../../11-Project9/challenge3/Project9_challenge3/Project9_challenge3/GridLayoutView.swift"; sourceTree = "<group>"; };
		B592FAA62B91D42400134600 /* astronauts.json */ = {isa = PBXFileReference; fileEncoding = 4; lastKnownFileType = text.json; name = astronauts.json; path = "../../../11-Project9/challenge3/Project9_challenge3/Project9_challenge3/astronauts.json"; sourceTree = "<group>"; };
		B592FAA72B91D42400134600 /* MissionView.swift */ = {isa = PBXFileReference; fileEncoding = 4; lastKnownFileType = sourcecode.swift; name = MissionView.swift; path = "../../../11-Project9/challenge3/Project9_challenge3/Project9_challenge3/MissionView.swift"; sourceTree = "<group>"; };
		B592FAA82B91D42400134600 /* Color-Theme.swift */ = {isa = PBXFileReference; fileEncoding = 4; lastKnownFileType = sourcecode.swift; name = "Color-Theme.swift"; path = "../../../11-Project9/challenge3/Project9_challenge3/Project9_challenge3/Color-Theme.swift"; sourceTree = "<group>"; };
		B592FAA92B91D42400134600 /* AstronautView.swift */ = {isa = PBXFileReference; fileEncoding = 4; lastKnownFileType = sourcecode.swift; name = AstronautView.swift; path = "../../../11-Project9/challenge3/Project9_challenge3/Project9_challenge3/AstronautView.swift"; sourceTree = "<group>"; };
		B592FAAA2B91D42400134600 /* CrewRoster.swift */ = {isa = PBXFileReference; fileEncoding = 4; lastKnownFileType = sourcecode.swift; name = CrewRoster.swift; path = "../../../11-Project9/challenge3/Project9_challenge3/Project9_challenge3/CrewRoster.swift"; sourceTree = "<group>"; };
		B592FAAB2B91D42400134600 /* CustomDivider.swift */ = {isa = PBXFileReference; fileEncoding = 4; lastKnownFileType = sourcecode.swift; name = CustomDivider.swift; path = "../../../11-Project9/challenge3/Project9_challenge3/Project9_challenge3/CustomDivider.swift"; sourceTree = "<group>"; };
		B592FAAC2B91D42400134600 /* Mission.swift */ = {isa = PBXFileReference; fileEncoding = 4; lastKnownFileType = sourcecode.swift; name = Mission.swift; path = "../../../11-Project9/challenge3/Project9_challenge3/Project9_challenge3/Mission.swift"; sourceTree = "<group>"; };
		B592FAAD2B91D42400134600 /* Astronaut.swift */ = {isa = PBXFileReference; fileEncoding = 4; lastKnownFileType = sourcecode.swift; name = Astronaut.swift; path = "../../../11-Project9/challenge3/Project9_challenge3/Project9_challenge3/Astronaut.swift"; sourceTree = "<group>"; };
		B592FAAE2B91D42400134600 /* missions.json */ = {isa = PBXFileReference; fileEncoding = 4; lastKnownFileType = text.json; name = missions.json; path = "../../../11-Project9/challenge3/Project9_challenge3/Project9_challenge3/missions.json"; sourceTree = "<group>"; };
		B592FAAF2B91D42400134600 /* Bundle-Decodable.swift */ = {isa = PBXFileReference; fileEncoding = 4; lastKnownFileType = sourcecode.swift; name = "Bundle-Decodable.swift"; path = "../../../11-Project9/challenge3/Project9_challenge3/Project9_challenge3/Bundle-Decodable.swift"; sourceTree = "<group>"; };
/* End PBXFileReference section */

/* Begin PBXFrameworksBuildPhase section */
		B592F9FC2B8CAF6500134600 /* Frameworks */ = {
			isa = PBXFrameworksBuildPhase;
			buildActionMask = 2147483647;
			files = (
			);
			runOnlyForDeploymentPostprocessing = 0;
		};
/* End PBXFrameworksBuildPhase section */

/* Begin PBXGroup section */
		B592F9F62B8CAF6500134600 = {
			isa = PBXGroup;
			children = (
				B592FA012B8CAF6500134600 /* MoonShot */,
				B592FA002B8CAF6500134600 /* Products */,
			);
			sourceTree = "<group>";
		};
		B592FA002B8CAF6500134600 /* Products */ = {
			isa = PBXGroup;
			children = (
				B592F9FF2B8CAF6500134600 /* MoonShot.app */,
			);
			name = Products;
			sourceTree = "<group>";
		};
		B592FA012B8CAF6500134600 /* MoonShot */ = {
			isa = PBXGroup;
			children = (
				B592FA022B8CAF6500134600 /* MoonShotApp.swift */,
				B592FA042B8CAF6500134600 /* ContentView.swift */,
				B592FAAD2B91D42400134600 /* Astronaut.swift */,
				B592FAA92B91D42400134600 /* AstronautView.swift */,
				B592FAAA2B91D42400134600 /* CrewRoster.swift */,
				B592FAAB2B91D42400134600 /* CustomDivider.swift */,
				B592FAA52B91D42400134600 /* GridLayoutView.swift */,
				B592FAAC2B91D42400134600 /* Mission.swift */,
				B592FAA42B91D42400134600 /* ListLayoutView.swift */,
				B592FAA72B91D42400134600 /* MissionView.swift */,
				B592FAAF2B91D42400134600 /* Bundle-Decodable.swift */,
				B592FAA82B91D42400134600 /* Color-Theme.swift */,
				B592FAAE2B91D42400134600 /* missions.json */,
				B592FAA62B91D42400134600 /* astronauts.json */,
				B592FA062B8CAF6600134600 /* Assets.xcassets */,
				B592FA082B8CAF6600134600 /* Preview Content */,
			);
			path = MoonShot;
			sourceTree = "<group>";
		};
		B592FA082B8CAF6600134600 /* Preview Content */ = {
			isa = PBXGroup;
			children = (
				B592FA092B8CAF6600134600 /* Preview Assets.xcassets */,
			);
			path = "Preview Content";
			sourceTree = "<group>";
		};
/* End PBXGroup section */

/* Begin PBXNativeTarget section */
		B592F9FE2B8CAF6500134600 /* MoonShot */ = {
			isa = PBXNativeTarget;
			buildConfigurationList = B592FA0D2B8CAF6600134600 /* Build configuration list for PBXNativeTarget "MoonShot" */;
			buildPhases = (
				B592F9FB2B8CAF6500134600 /* Sources */,
				B592F9FC2B8CAF6500134600 /* Frameworks */,
				B592F9FD2B8CAF6500134600 /* Resources */,
			);
			buildRules = (
			);
			dependencies = (
			);
			name = MoonShot;
			productName = MoonShot;
			productReference = B592F9FF2B8CAF6500134600 /* MoonShot.app */;
			productType = "com.apple.product-type.application";
		};
/* End PBXNativeTarget section */

/* Begin PBXProject section */
		B592F9F72B8CAF6500134600 /* Project object */ = {
			isa = PBXProject;
			attributes = {
				BuildIndependentTargetsInParallel = 1;
				LastSwiftUpdateCheck = 1520;
				LastUpgradeCheck = 1520;
				TargetAttributes = {
					B592F9FE2B8CAF6500134600 = {
						CreatedOnToolsVersion = 15.2;
					};
				};
			};
			buildConfigurationList = B592F9FA2B8CAF6500134600 /* Build configuration list for PBXProject "MoonShot" */;
			compatibilityVersion = "Xcode 14.0";
			developmentRegion = en;
			hasScannedForEncodings = 0;
			knownRegions = (
				en,
				Base,
			);
			mainGroup = B592F9F62B8CAF6500134600;
			productRefGroup = B592FA002B8CAF6500134600 /* Products */;
			projectDirPath = "";
			projectRoot = "";
			targets = (
				B592F9FE2B8CAF6500134600 /* MoonShot */,
			);
		};
/* End PBXProject section */

/* Begin PBXResourcesBuildPhase section */
		B592F9FD2B8CAF6500134600 /* Resources */ = {
			isa = PBXResourcesBuildPhase;
			buildActionMask = 2147483647;
			files = (
				B592FA0A2B8CAF6600134600 /* Preview Assets.xcassets in Resources */,
				B592FAB22B91D42400134600 /* astronauts.json in Resources */,
				B592FABA2B91D42400134600 /* missions.json in Resources */,
				B592FA072B8CAF6600134600 /* Assets.xcassets in Resources */,
			);
			runOnlyForDeploymentPostprocessing = 0;
		};
/* End PBXResourcesBuildPhase section */

/* Begin PBXSourcesBuildPhase section */
		B592F9FB2B8CAF6500134600 /* Sources */ = {
			isa = PBXSourcesBuildPhase;
			buildActionMask = 2147483647;
			files = (
				B592FAB72B91D42400134600 /* CustomDivider.swift in Sources */,
				B592FAB92B91D42400134600 /* Astronaut.swift in Sources */,
				B592FAB52B91D42400134600 /* AstronautView.swift in Sources */,
				B592FA052B8CAF6500134600 /* ContentView.swift in Sources */,
				B592FA032B8CAF6500134600 /* MoonShotApp.swift in Sources */,
				B592FAB12B91D42400134600 /* GridLayoutView.swift in Sources */,
				B592FAB42B91D42400134600 /* Color-Theme.swift in Sources */,
				B592FAB62B91D42400134600 /* CrewRoster.swift in Sources */,
				B592FABB2B91D42400134600 /* Bundle-Decodable.swift in Sources */,
				B592FAB02B91D42400134600 /* ListLayoutView.swift in Sources */,
				B592FAB82B91D42400134600 /* Mission.swift in Sources */,
				B592FAB32B91D42400134600 /* MissionView.swift in Sources */,
			);
			runOnlyForDeploymentPostprocessing = 0;
		};
/* End PBXSourcesBuildPhase section */

/* Begin XCBuildConfiguration section */
		B592FA0B2B8CAF6600134600 /* Debug */ = {
			isa = XCBuildConfiguration;
			buildSettings = {
				ALWAYS_SEARCH_USER_PATHS = NO;
				ASSETCATALOG_COMPILER_GENERATE_SWIFT_ASSET_SYMBOL_EXTENSIONS = YES;
				CLANG_ANALYZER_NONNULL = YES;
				CLANG_ANALYZER_NUMBER_OBJECT_CONVERSION = YES_AGGRESSIVE;
				CLANG_CXX_LANGUAGE_STANDARD = "gnu++20";
				CLANG_ENABLE_MODULES = YES;
				CLANG_ENABLE_OBJC_ARC = YES;
				CLANG_ENABLE_OBJC_WEAK = YES;
				CLANG_WARN_BLOCK_CAPTURE_AUTORELEASING = YES;
				CLANG_WARN_BOOL_CONVERSION = YES;
				CLANG_WARN_COMMA = YES;
				CLANG_WARN_CONSTANT_CONVERSION = YES;
				CLANG_WARN_DEPRECATED_OBJC_IMPLEMENTATIONS = YES;
				CLANG_WARN_DIRECT_OBJC_ISA_USAGE = YES_ERROR;
				CLANG_WARN_DOCUMENTATION_COMMENTS = YES;
				CLANG_WARN_EMPTY_BODY = YES;
				CLANG_WARN_ENUM_CONVERSION = YES;
				CLANG_WARN_INFINITE_RECURSION = YES;
				CLANG_WARN_INT_CONVERSION = YES;
				CLANG_WARN_NON_LITERAL_NULL_CONVERSION = YES;
				CLANG_WARN_OBJC_IMPLICIT_RETAIN_SELF = YES;
				CLANG_WARN_OBJC_LITERAL_CONVERSION = YES;
				CLANG_WARN_OBJC_ROOT_CLASS = YES_ERROR;
				CLANG_WARN_QUOTED_INCLUDE_IN_FRAMEWORK_HEADER = YES;
				CLANG_WARN_RANGE_LOOP_ANALYSIS = YES;
				CLANG_WARN_STRICT_PROTOTYPES = YES;
				CLANG_WARN_SUSPICIOUS_MOVE = YES;
				CLANG_WARN_UNGUARDED_AVAILABILITY = YES_AGGRESSIVE;
				CLANG_WARN_UNREACHABLE_CODE = YES;
				CLANG_WARN__DUPLICATE_METHOD_MATCH = YES;
				COPY_PHASE_STRIP = NO;
				DEBUG_INFORMATION_FORMAT = dwarf;
				ENABLE_STRICT_OBJC_MSGSEND = YES;
				ENABLE_TESTABILITY = YES;
				ENABLE_USER_SCRIPT_SANDBOXING = YES;
				GCC_C_LANGUAGE_STANDARD = gnu17;
				GCC_DYNAMIC_NO_PIC = NO;
				GCC_NO_COMMON_BLOCKS = YES;
				GCC_OPTIMIZATION_LEVEL = 0;
				GCC_PREPROCESSOR_DEFINITIONS = (
					"DEBUG=1",
					"$(inherited)",
				);
				GCC_WARN_64_TO_32_BIT_CONVERSION = YES;
				GCC_WARN_ABOUT_RETURN_TYPE = YES_ERROR;
				GCC_WARN_UNDECLARED_SELECTOR = YES;
				GCC_WARN_UNINITIALIZED_AUTOS = YES_AGGRESSIVE;
				GCC_WARN_UNUSED_FUNCTION = YES;
				GCC_WARN_UNUSED_VARIABLE = YES;
				IPHONEOS_DEPLOYMENT_TARGET = 17.2;
				LOCALIZATION_PREFERS_STRING_CATALOGS = YES;
				MTL_ENABLE_DEBUG_INFO = INCLUDE_SOURCE;
				MTL_FAST_MATH = YES;
				ONLY_ACTIVE_ARCH = YES;
				SDKROOT = iphoneos;
				SWIFT_ACTIVE_COMPILATION_CONDITIONS = "DEBUG $(inherited)";
				SWIFT_OPTIMIZATION_LEVEL = "-Onone";
			};
			name = Debug;
		};
		B592FA0C2B8CAF6600134600 /* Release */ = {
			isa = XCBuildConfiguration;
			buildSettings = {
				ALWAYS_SEARCH_USER_PATHS = NO;
				ASSETCATALOG_COMPILER_GENERATE_SWIFT_ASSET_SYMBOL_EXTENSIONS = YES;
				CLANG_ANALYZER_NONNULL = YES;
				CLANG_ANALYZER_NUMBER_OBJECT_CONVERSION = YES_AGGRESSIVE;
				CLANG_CXX_LANGUAGE_STANDARD = "gnu++20";
				CLANG_ENABLE_MODULES = YES;
				CLANG_ENABLE_OBJC_ARC = YES;
				CLANG_ENABLE_OBJC_WEAK = YES;
				CLANG_WARN_BLOCK_CAPTURE_AUTORELEASING = YES;
				CLANG_WARN_BOOL_CONVERSION = YES;
				CLANG_WARN_COMMA = YES;
				CLANG_WARN_CONSTANT_CONVERSION = YES;
				CLANG_WARN_DEPRECATED_OBJC_IMPLEMENTATIONS = YES;
				CLANG_WARN_DIRECT_OBJC_ISA_USAGE = YES_ERROR;
				CLANG_WARN_DOCUMENTATION_COMMENTS = YES;
				CLANG_WARN_EMPTY_BODY = YES;
				CLANG_WARN_ENUM_CONVERSION = YES;
				CLANG_WARN_INFINITE_RECURSION = YES;
				CLANG_WARN_INT_CONVERSION = YES;
				CLANG_WARN_NON_LITERAL_NULL_CONVERSION = YES;
				CLANG_WARN_OBJC_IMPLICIT_RETAIN_SELF = YES;
				CLANG_WARN_OBJC_LITERAL_CONVERSION = YES;
				CLANG_WARN_OBJC_ROOT_CLASS = YES_ERROR;
				CLANG_WARN_QUOTED_INCLUDE_IN_FRAMEWORK_HEADER = YES;
				CLANG_WARN_RANGE_LOOP_ANALYSIS = YES;
				CLANG_WARN_STRICT_PROTOTYPES = YES;
				CLANG_WARN_SUSPICIOUS_MOVE = YES;
				CLANG_WARN_UNGUARDED_AVAILABILITY = YES_AGGRESSIVE;
				CLANG_WARN_UNREACHABLE_CODE = YES;
				CLANG_WARN__DUPLICATE_METHOD_MATCH = YES;
				COPY_PHASE_STRIP = NO;
				DEBUG_INFORMATION_FORMAT = "dwarf-with-dsym";
				ENABLE_NS_ASSERTIONS = NO;
				ENABLE_STRICT_OBJC_MSGSEND = YES;
				ENABLE_USER_SCRIPT_SANDBOXING = YES;
				GCC_C_LANGUAGE_STANDARD = gnu17;
				GCC_NO_COMMON_BLOCKS = YES;
				GCC_WARN_64_TO_32_BIT_CONVERSION = YES;
				GCC_WARN_ABOUT_RETURN_TYPE = YES_ERROR;
				GCC_WARN_UNDECLARED_SELECTOR = YES;
				GCC_WARN_UNINITIALIZED_AUTOS = YES_AGGRESSIVE;
				GCC_WARN_UNUSED_FUNCTION = YES;
				GCC_WARN_UNUSED_VARIABLE = YES;
				IPHONEOS_DEPLOYMENT_TARGET = 17.2;
				LOCALIZATION_PREFERS_STRING_CATALOGS = YES;
				MTL_ENABLE_DEBUG_INFO = NO;
				MTL_FAST_MATH = YES;
				SDKROOT = iphoneos;
				SWIFT_COMPILATION_MODE = wholemodule;
				VALIDATE_PRODUCT = YES;
			};
			name = Release;
		};
		B592FA0E2B8CAF6600134600 /* Debug */ = {
			isa = XCBuildConfiguration;
			buildSettings = {
				ASSETCATALOG_COMPILER_APPICON_NAME = AppIcon;
				ASSETCATALOG_COMPILER_GLOBAL_ACCENT_COLOR_NAME = AccentColor;
				CODE_SIGN_STYLE = Automatic;
				CURRENT_PROJECT_VERSION = 1;
				DEVELOPMENT_ASSET_PATHS = "\"MoonShot/Preview Content\"";
				DEVELOPMENT_TEAM = F43F5V3HNZ;
				ENABLE_PREVIEWS = YES;
				GENERATE_INFOPLIST_FILE = YES;
				INFOPLIST_KEY_UIApplicationSceneManifest_Generation = YES;
				INFOPLIST_KEY_UIApplicationSupportsIndirectInputEvents = YES;
				INFOPLIST_KEY_UILaunchScreen_Generation = YES;
				INFOPLIST_KEY_UISupportedInterfaceOrientations_iPad = "UIInterfaceOrientationPortrait UIInterfaceOrientationPortraitUpsideDown UIInterfaceOrientationLandscapeLeft UIInterfaceOrientationLandscapeRight";
				INFOPLIST_KEY_UISupportedInterfaceOrientations_iPhone = "UIInterfaceOrientationPortrait UIInterfaceOrientationLandscapeLeft UIInterfaceOrientationLandscapeRight";
				LD_RUNPATH_SEARCH_PATHS = (
					"$(inherited)",
					"@executable_path/Frameworks",
				);
				MARKETING_VERSION = 1.0;
				PRODUCT_BUNDLE_IDENTIFIER = com.bashubb.MoonShot;
				PRODUCT_NAME = "$(TARGET_NAME)";
				SWIFT_EMIT_LOC_STRINGS = YES;
				SWIFT_VERSION = 5.0;
				TARGETED_DEVICE_FAMILY = "1,2";
			};
			name = Debug;
		};
		B592FA0F2B8CAF6600134600 /* Release */ = {
			isa = XCBuildConfiguration;
			buildSettings = {
				ASSETCATALOG_COMPILER_APPICON_NAME = AppIcon;
				ASSETCATALOG_COMPILER_GLOBAL_ACCENT_COLOR_NAME = AccentColor;
				CODE_SIGN_STYLE = Automatic;
				CURRENT_PROJECT_VERSION = 1;
				DEVELOPMENT_ASSET_PATHS = "\"MoonShot/Preview Content\"";
				DEVELOPMENT_TEAM = F43F5V3HNZ;
				ENABLE_PREVIEWS = YES;
				GENERATE_INFOPLIST_FILE = YES;
				INFOPLIST_KEY_UIApplicationSceneManifest_Generation = YES;
				INFOPLIST_KEY_UIApplicationSupportsIndirectInputEvents = YES;
				INFOPLIST_KEY_UILaunchScreen_Generation = YES;
				INFOPLIST_KEY_UISupportedInterfaceOrientations_iPad = "UIInterfaceOrientationPortrait UIInterfaceOrientationPortraitUpsideDown UIInterfaceOrientationLandscapeLeft UIInterfaceOrientationLandscapeRight";
				INFOPLIST_KEY_UISupportedInterfaceOrientations_iPhone = "UIInterfaceOrientationPortrait UIInterfaceOrientationLandscapeLeft UIInterfaceOrientationLandscapeRight";
				LD_RUNPATH_SEARCH_PATHS = (
					"$(inherited)",
					"@executable_path/Frameworks",
				);
				MARKETING_VERSION = 1.0;
				PRODUCT_BUNDLE_IDENTIFIER = com.bashubb.MoonShot;
				PRODUCT_NAME = "$(TARGET_NAME)";
				SWIFT_EMIT_LOC_STRINGS = YES;
				SWIFT_VERSION = 5.0;
				TARGETED_DEVICE_FAMILY = "1,2";
			};
			name = Release;
		};
/* End XCBuildConfiguration section */

/* Begin XCConfigurationList section */
		B592F9FA2B8CAF6500134600 /* Build configuration list for PBXProject "MoonShot" */ = {
			isa = XCConfigurationList;
			buildConfigurations = (
				B592FA0B2B8CAF6600134600 /* Debug */,
				B592FA0C2B8CAF6600134600 /* Release */,
			);
			defaultConfigurationIsVisible = 0;
			defaultConfigurationName = Release;
		};
		B592FA0D2B8CAF6600134600 /* Build configuration list for PBXNativeTarget "MoonShot" */ = {
			isa = XCConfigurationList;
			buildConfigurations = (
				B592FA0E2B8CAF6600134600 /* Debug */,
				B592FA0F2B8CAF6600134600 /* Release */,
			);
			defaultConfigurationIsVisible = 0;
			defaultConfigurationName = Release;
		};
/* End XCConfigurationList section */
	};
	rootObject = B592F9F72B8CAF6500134600 /* Project object */;
}
